
Microsoft Visual Studio Solution File, Format Version 12.00
# Visual Studio Version 17
VisualStudioVersion = 17.3.32811.315
MinimumVisualStudioVersion = 10.0.40219.1
Project("{FAE04EC0-301F-11D3-BF4B-00C04F79EFBC}") = "vaja PROI", "vaja PROI\vaja PROI.csproj", "{D4852D92-1CE8-4F4F-88E8-18BA3AE81991}"
EndProject
Global
	GlobalSection(SolutionConfigurationPlatforms) = preSolution
		Debug|Any CPU = Debug|Any CPU
		Release|Any CPU = Release|Any CPU
	EndGlobalSection
	GlobalSection(ProjectConfigurationPlatforms) = postSolution
		{D4852D92-1CE8-4F4F-88E8-18BA3AE81991}.Debug|Any CPU.ActiveCfg = Debug|Any CPU
		{D4852D92-1CE8-4F4F-88E8-18BA3AE81991}.Debug|Any CPU.Build.0 = Debug|Any CPU
		{D4852D92-1CE8-4F4F-88E8-18BA3AE81991}.Release|Any CPU.ActiveCfg = Release|Any CPU
		{D4852D92-1CE8-4F4F-88E8-18BA3AE81991}.Release|Any CPU.Build.0 = Release|Any CPU
	EndGlobalSection
	GlobalSection(SolutionProperties) = preSolution
		HideSolutionNode = FALSE
	EndGlobalSection
	GlobalSection(ExtensibilityGlobals) = postSolution
		SolutionGuid = {9E471E33-109D-4982-9634-7B1EC92BB862}
	EndGlobalSection
EndGlobal
