
Microsoft Visual Studio Solution File, Format Version 12.00
# Visual Studio Version 17
VisualStudioVersion = 17.3.32811.315
MinimumVisualStudioVersion = 10.0.40219.1
Project("{FAE04EC0-301F-11D3-BF4B-00C04F79EFBC}") = "NalogaNeki", "NalogaNeki\NalogaNeki.csproj", "{D7FFE803-E36B-4737-B947-443384E5ADBD}"
EndProject
Global
	GlobalSection(SolutionConfigurationPlatforms) = preSolution
		Debug|Any CPU = Debug|Any CPU
		Release|Any CPU = Release|Any CPU
	EndGlobalSection
	GlobalSection(ProjectConfigurationPlatforms) = postSolution
		{D7FFE803-E36B-4737-B947-443384E5ADBD}.Debug|Any CPU.ActiveCfg = Debug|Any CPU
		{D7FFE803-E36B-4737-B947-443384E5ADBD}.Debug|Any CPU.Build.0 = Debug|Any CPU
		{D7FFE803-E36B-4737-B947-443384E5ADBD}.Release|Any CPU.ActiveCfg = Release|Any CPU
		{D7FFE803-E36B-4737-B947-443384E5ADBD}.Release|Any CPU.Build.0 = Release|Any CPU
	EndGlobalSection
	GlobalSection(SolutionProperties) = preSolution
		HideSolutionNode = FALSE
	EndGlobalSection
	GlobalSection(ExtensibilityGlobals) = postSolution
		SolutionGuid = {A739D5D3-FFC1-4DA5-A8BD-21B85072663A}
	EndGlobalSection
EndGlobal
