
Microsoft Visual Studio Solution File, Format Version 12.00
# Visual Studio Version 17
VisualStudioVersion = 17.3.32811.315
MinimumVisualStudioVersion = 10.0.40219.1
Project("{FAE04EC0-301F-11D3-BF4B-00C04F79EFBC}") = "BazaNaprej", "BazaNaprej\BazaNaprej.csproj", "{A5E916EE-5904-46EA-B11E-2E301C9CAC54}"
EndProject
Global
	GlobalSection(SolutionConfigurationPlatforms) = preSolution
		Debug|Any CPU = Debug|Any CPU
		Release|Any CPU = Release|Any CPU
	EndGlobalSection
	GlobalSection(ProjectConfigurationPlatforms) = postSolution
		{A5E916EE-5904-46EA-B11E-2E301C9CAC54}.Debug|Any CPU.ActiveCfg = Debug|Any CPU
		{A5E916EE-5904-46EA-B11E-2E301C9CAC54}.Debug|Any CPU.Build.0 = Debug|Any CPU
		{A5E916EE-5904-46EA-B11E-2E301C9CAC54}.Release|Any CPU.ActiveCfg = Release|Any CPU
		{A5E916EE-5904-46EA-B11E-2E301C9CAC54}.Release|Any CPU.Build.0 = Release|Any CPU
	EndGlobalSection
	GlobalSection(SolutionProperties) = preSolution
		HideSolutionNode = FALSE
	EndGlobalSection
	GlobalSection(ExtensibilityGlobals) = postSolution
		SolutionGuid = {BA12E094-A3C6-40BA-9C9F-2730DC0062E5}
	EndGlobalSection
EndGlobal
